
Microsoft Visual Studio Solution File, Format Version 12.00
# Visual Studio 15
VisualStudioVersion = 15.0.28307.271
MinimumVisualStudioVersion = 10.0.40219.1
Project("{8BC9CEB8-8B4A-11D0-8D11-00A0C91BC942}") = "BreadthFirstSearch", "TreeStructures\TreeStructures.vcxproj", "{6148D7B1-F976-422A-925E-D645C45A47FE}"
EndProject
Global
	GlobalSection(SolutionConfigurationPlatforms) = preSolution
		Debug|x64 = Debug|x64
		Debug|x86 = Debug|x86
		Release|x64 = Release|x64
		Release|x86 = Release|x86
	EndGlobalSection
	GlobalSection(ProjectConfigurationPlatforms) = postSolution
		{6148D7B1-F976-422A-925E-D645C45A47FE}.Debug|x64.ActiveCfg = Debug|x64
		{6148D7B1-F976-422A-925E-D645C45A47FE}.Debug|x64.Build.0 = Debug|x64
		{6148D7B1-F976-422A-925E-D645C45A47FE}.Debug|x86.ActiveCfg = Debug|Win32
		{6148D7B1-F976-422A-925E-D645C45A47FE}.Debug|x86.Build.0 = Debug|Win32
		{6148D7B1-F976-422A-925E-D645C45A47FE}.Release|x64.ActiveCfg = Release|x64
		{6148D7B1-F976-422A-925E-D645C45A47FE}.Release|x64.Build.0 = Release|x64
		{6148D7B1-F976-422A-925E-D645C45A47FE}.Release|x86.ActiveCfg = Release|Win32
		{6148D7B1-F976-422A-925E-D645C45A47FE}.Release|x86.Build.0 = Release|Win32
	EndGlobalSection
	GlobalSection(SolutionProperties) = preSolution
		HideSolutionNode = FALSE
	EndGlobalSection
	GlobalSection(ExtensibilityGlobals) = postSolution
		SolutionGuid = {F34BC2DE-D7E7-4D4B-AE1F-CBB98C5C74C8}
	EndGlobalSection
EndGlobal
